<?xml version="1.0" encoding="utf-8"?>
<Project ToolsVersion="4.0" xmlns="http://schemas.microsoft.com/developer/msbuild/2003">
  <ItemGroup>
    <Filter Include="Source Files">
      <UniqueIdentifier>{4FC737F1-C7A5-4376-A066-2A32D752A2FF}</UniqueIdentifier>
      <Extensions>cpp;c;cc;cxx;def;odl;idl;hpj;bat;asm;asmx</Extensions>
    </Filter>
    <Filter Include="Header Files">
      <UniqueIdentifier>{93995380-89BD-4b04-88EB-625FBE52EBFB}</UniqueIdentifier>
      <Extensions>h;hpp;hxx;hm;inl;inc;xsd</Extensions>
    </Filter>
    <Filter Include="Resource Files">
      <UniqueIdentifier>{67DA6AB6-F800-4c08-8B7A-83BB121AAD01}</UniqueIdentifier>
      <Extensions>rc;ico;cur;bmp;dlg;rc2;rct;bin;rgs;gif;jpg;jpeg;jpe;resx;tiff;tif;png;wav;mfcribbon-ms</Extensions>
    </Filter>
    <Filter Include="bin">
      <UniqueIdentifier>{ca276d99-9b43-4f09-8689-8f8209604569}</UniqueIdentifier>
    </Filter>
  </ItemGroup>
  <ItemGroup>
    <None Include="Project DIVA.ico">
      <Filter>Resource Files</Filter>
    </None>
    <None Include="arrow.png">
      <Filter>Resource Files</Filter>
    </None>
    <None Include="square.png">
      <Filter>Resource Files</Filter>
    </None>
    <None Include="..\bass.dll">
      <Filter>bin</Filter>
    </None>
    <None Include="..\bass_fx.dll">
      <Filter>bin</Filter>
    </None>
    <None Include="..\ffmpeg.exe">
      <Filter>bin</Filter>
    </None>
    <None Include="..\fmodex.dll">
      <Filter>bin</Filter>
    </None>
    <None Include="..\gamedata0.txt">
      <Filter>bin</Filter>
    </None>
    <None Include="..\gamedata1.txt">
      <Filter>bin</Filter>
    </None>
    <None Include="..\gamedata2.txt">
      <Filter>bin</Filter>
    </None>
    <None Include="..\gamedata3.txt">
      <Filter>bin</Filter>
    </None>
    <None Include="..\gamedata4.txt">
      <Filter>bin</Filter>
    </None>
    <None Include="..\gamedata5.txt">
      <Filter>bin</Filter>
    </None>
  </ItemGroup>
  <ItemGroup>
    <ClCompile Include="Base.cpp">
      <Filter>Source Files</Filter>
    </ClCompile>
    <ClCompile Include="defines.cpp">
      <Filter>Source Files</Filter>
    </ClCompile>
    <ClCompile Include="DShowTextures.cpp">
      <Filter>Source Files</Filter>
    </ClCompile>
    <ClCompile Include="EffectMana.cpp">
      <Filter>Source Files</Filter>
    </ClCompile>
    <ClCompile Include="GameIni.cpp">
      <Filter>Source Files</Filter>
    </ClCompile>
    <ClCompile Include="GameMana.cpp">
      <Filter>Source Files</Filter>
    </ClCompile>
    <ClCompile Include="graphEngine.cpp">
      <Filter>Source Files</Filter>
    </ClCompile>
    <ClCompile Include="Gui.cpp">
      <Filter>Source Files</Filter>
    </ClCompile>
    <ClCompile Include="notemap.cpp">
      <Filter>Source Files</Filter>
    </ClCompile>
    <ClCompile Include="PSystem.cpp">
      <Filter>Source Files</Filter>
    </ClCompile>
    <ClCompile Include="SoundEngine.cpp">
      <Filter>Source Files</Filter>
    </ClCompile>
    <ClCompile Include="test.cpp">
      <Filter>Source Files</Filter>
    </ClCompile>
    <ClCompile Include="UIScreen.cpp">
      <Filter>Source Files</Filter>
    </ClCompile>
    <ClCompile Include="VideoEngine.cpp">
      <Filter>Source Files</Filter>
    </ClCompile>
    <ClCompile Include="DShowClock.cpp">
      <Filter>Source Files</Filter>
    </ClCompile>
    <ClCompile Include="keyboard.cpp">
      <Filter>Source Files</Filter>
    </ClCompile>
    <ClCompile Include="rubix_solver_orbit.cpp">
      <Filter>Source Files</Filter>
    </ClCompile>
    <ClCompile Include="RubixWindow.cpp">
      <Filter>Source Files</Filter>
    </ClCompile>
    <ClCompile Include="Rubix.cpp">
      <Filter>Source Files</Filter>
    </ClCompile>
    <ClCompile Include="d3dmath.cpp">
      <Filter>Source Files</Filter>
    </ClCompile>
    <ClCompile Include="mplayer.cpp">
      <Filter>Source Files</Filter>
    </ClCompile>
  </ItemGroup>
  <ItemGroup>
    <ClInclude Include="defines.h">
      <Filter>Header Files</Filter>
    </ClInclude>
    <ClInclude Include="dshowtextures.h">
      <Filter>Header Files</Filter>
    </ClInclude>
    <ClInclude Include="EffectMana.h">
      <Filter>Header Files</Filter>
    </ClInclude>
    <ClInclude Include="GameIni.h">
      <Filter>Header Files</Filter>
    </ClInclude>
    <ClInclude Include="GameMana.h">
      <Filter>Header Files</Filter>
    </ClInclude>
    <ClInclude Include="graphEngine.h">
      <Filter>Header Files</Filter>
    </ClInclude>
    <ClInclude Include="Gui.h">
      <Filter>Header Files</Filter>
    </ClInclude>
    <ClInclude Include="notemap.h">
      <Filter>Header Files</Filter>
    </ClInclude>
    <ClInclude Include="PSystem.h">
      <Filter>Header Files</Filter>
    </ClInclude>
    <ClInclude Include="resource.h">
      <Filter>Header Files</Filter>
    </ClInclude>
    <ClInclude Include="SoundEngine.h">
      <Filter>Header Files</Filter>
    </ClInclude>
    <ClInclude Include="test.h">
      <Filter>Header Files</Filter>
    </ClInclude>
    <ClInclude Include="UIScreen.h">
      <Filter>Header Files</Filter>
    </ClInclude>
    <ClInclude Include="VideoEngine.h">
      <Filter>Header Files</Filter>
    </ClInclude>
    <ClInclude Include="Base.h">
      <Filter>Header Files</Filter>
    </ClInclude>
    <ClInclude Include="dshowclock.h">
      <Filter>Header Files</Filter>
    </ClInclude>
    <ClInclude Include="keyboard.h">
      <Filter>Header Files</Filter>
    </ClInclude>
    <ClInclude Include="rubix_solver_orbit.h">
      <Filter>Header Files</Filter>
    </ClInclude>
    <ClInclude Include="AStar.hpp">
      <Filter>Header Files</Filter>
    </ClInclude>
    <ClInclude Include="RubixWindow.h">
      <Filter>Header Files</Filter>
    </ClInclude>
    <ClInclude Include="Rubix.h">
      <Filter>Header Files</Filter>
    </ClInclude>
    <ClInclude Include="parameters.h">
      <Filter>Header Files</Filter>
    </ClInclude>
    <ClInclude Include="mplayer.h">
      <Filter>Header Files</Filter>
    </ClInclude>
  </ItemGroup>
  <ItemGroup>
    <ResourceCompile Include="graghEngine.rc">
      <Filter>Resource Files</Filter>
    </ResourceCompile>
  </ItemGroup>
</Project>